
Microsoft Visual Studio Solution File, Format Version 12.00
# Visual Studio Version 17
VisualStudioVersion = 17.14.36717.8 d17.14
MinimumVisualStudioVersion = 10.0.40219.1
Project("{FAE04EC0-301F-11D3-BF4B-00C04F79EFBC}") = "FitnessUygulamasi", "FitnessUygulamasi\FitnessUygulamasi.csproj", "{8C1D29F1-1AF0-4CB9-92DF-D474EA957108}"
EndProject
Global
	GlobalSection(SolutionConfigurationPlatforms) = preSolution
		Debug|Any CPU = Debug|Any CPU
		Release|Any CPU = Release|Any CPU
	EndGlobalSection
	GlobalSection(ProjectConfigurationPlatforms) = postSolution
		{8C1D29F1-1AF0-4CB9-92DF-D474EA957108}.Debug|Any CPU.ActiveCfg = Debug|Any CPU
		{8C1D29F1-1AF0-4CB9-92DF-D474EA957108}.Debug|Any CPU.Build.0 = Debug|Any CPU
		{8C1D29F1-1AF0-4CB9-92DF-D474EA957108}.Release|Any CPU.ActiveCfg = Release|Any CPU
		{8C1D29F1-1AF0-4CB9-92DF-D474EA957108}.Release|Any CPU.Build.0 = Release|Any CPU
	EndGlobalSection
	GlobalSection(SolutionProperties) = preSolution
		HideSolutionNode = FALSE
	EndGlobalSection
	GlobalSection(ExtensibilityGlobals) = postSolution
		SolutionGuid = {29240B74-8709-4A38-B74C-C820E0505FD3}
	EndGlobalSection
EndGlobal
